// !$*UTF8*$!
{
	archiveVersion = 1;
	classes = {
	};
	objectVersion = 77;
	objects = {

/* Begin PBXBuildFile section */
		D99203232F45FD48005B0E55 /* Tempus_FugitApp.swift in Sources */ = {isa = PBXBuildFile; fileRef = D99203222F45FD48005B0E55 /* Tempus_FugitApp.swift */; };
		D99203252F45FD48005B0E55 /* ContentView.swift in Sources */ = {isa = PBXBuildFile; fileRef = D99203242F45FD48005B0E55 /* ContentView.swift */; };
		D99203272F45FD4A005B0E55 /* Assets.xcassets in Resources */ = {isa = PBXBuildFile; fileRef = D99203262F45FD4A005B0E55 /* Assets.xcassets */; };
		D99203292F45FD4A005B0E55 /* Persistence.swift in Sources */ = {isa = PBXBuildFile; fileRef = D99203282F45FD4A005B0E55 /* Persistence.swift */; };
		D992032C2F45FD4A005B0E55 /* Tempus_Fugit.xcdatamodeld in Sources */ = {isa = PBXBuildFile; fileRef = D992032A2F45FD4A005B0E55 /* Tempus_Fugit.xcdatamodeld */; };
		D992033D2F46A5B8005B0E55 /* WidgetsView.swift in Sources */ = {isa = PBXBuildFile; fileRef = D992033C2F46A5B8005B0E55 /* WidgetsView.swift */; };
		D99203452F475D47005B0E55 /* WidgetKit.framework in Frameworks */ = {isa = PBXBuildFile; fileRef = D99203442F475D47005B0E55 /* WidgetKit.framework */; };
		D99203472F475D47005B0E55 /* SwiftUI.framework in Frameworks */ = {isa = PBXBuildFile; fileRef = D99203462F475D47005B0E55 /* SwiftUI.framework */; };
		D99203562F475D49005B0E55 /* widgetExtension.appex in Embed Foundation Extensions */ = {isa = PBXBuildFile; fileRef = D99203422F475D47005B0E55 /* widgetExtension.appex */; settings = {ATTRIBUTES = (RemoveHeadersOnCopy, ); }; };
/* End PBXBuildFile section */

/* Begin PBXContainerItemProxy section */
		D99203542F475D49005B0E55 /* PBXContainerItemProxy */ = {
			isa = PBXContainerItemProxy;
			containerPortal = D99203172F45FD48005B0E55 /* Project object */;
			proxyType = 1;
			remoteGlobalIDString = D99203412F475D47005B0E55;
			remoteInfo = widgetExtension;
		};
/* End PBXContainerItemProxy section */

/* Begin PBXCopyFilesBuildPhase section */
		D992035B2F475D4A005B0E55 /* Embed Foundation Extensions */ = {
			isa = PBXCopyFilesBuildPhase;
			buildActionMask = 2147483647;
			dstPath = "";
			dstSubfolderSpec = 13;
			files = (
				D99203562F475D49005B0E55 /* widgetExtension.appex in Embed Foundation Extensions */,
			);
			name = "Embed Foundation Extensions";
			runOnlyForDeploymentPostprocessing = 0;
		};
/* End PBXCopyFilesBuildPhase section */

/* Begin PBXFileReference section */
		D992031F2F45FD48005B0E55 /* Tempus Fugit.app */ = {isa = PBXFileReference; explicitFileType = wrapper.application; includeInIndex = 0; path = "Tempus Fugit.app"; sourceTree = BUILT_PRODUCTS_DIR; };
		D99203222F45FD48005B0E55 /* Tempus_FugitApp.swift */ = {isa = PBXFileReference; lastKnownFileType = sourcecode.swift; path = Tempus_FugitApp.swift; sourceTree = "<group>"; };
		D99203242F45FD48005B0E55 /* ContentView.swift */ = {isa = PBXFileReference; lastKnownFileType = sourcecode.swift; path = ContentView.swift; sourceTree = "<group>"; };
		D99203262F45FD4A005B0E55 /* Assets.xcassets */ = {isa = PBXFileReference; lastKnownFileType = folder.assetcatalog; path = Assets.xcassets; sourceTree = "<group>"; };
		D99203282F45FD4A005B0E55 /* Persistence.swift */ = {isa = PBXFileReference; lastKnownFileType = sourcecode.swift; path = Persistence.swift; sourceTree = "<group>"; };
		D992032B2F45FD4A005B0E55 /* Tempus_Fugit.xcdatamodel */ = {isa = PBXFileReference; lastKnownFileType = wrapper.xcdatamodel; path = Tempus_Fugit.xcdatamodel; sourceTree = "<group>"; };
		D992033C2F46A5B8005B0E55 /* WidgetsView.swift */ = {isa = PBXFileReference; lastKnownFileType = sourcecode.swift; path = WidgetsView.swift; sourceTree = "<group>"; };
		D99203422F475D47005B0E55 /* widgetExtension.appex */ = {isa = PBXFileReference; explicitFileType = "wrapper.app-extension"; includeInIndex = 0; path = widgetExtension.appex; sourceTree = BUILT_PRODUCTS_DIR; };
		D99203442F475D47005B0E55 /* WidgetKit.framework */ = {isa = PBXFileReference; lastKnownFileType = wrapper.framework; name = WidgetKit.framework; path = System/Library/Frameworks/WidgetKit.framework; sourceTree = SDKROOT; };
		D99203462F475D47005B0E55 /* SwiftUI.framework */ = {isa = PBXFileReference; lastKnownFileType = wrapper.framework; name = SwiftUI.framework; path = System/Library/Frameworks/SwiftUI.framework; sourceTree = SDKROOT; };
/* End PBXFileReference section */

/* Begin PBXFileSystemSynchronizedBuildFileExceptionSet section */
		D99203572F475D49005B0E55 /* Exceptions for "widget" folder in "widgetExtension" target */ = {
			isa = PBXFileSystemSynchronizedBuildFileExceptionSet;
			membershipExceptions = (
				Info.plist,
			);
			target = D99203412F475D47005B0E55 /* widgetExtension */;
		};
/* End PBXFileSystemSynchronizedBuildFileExceptionSet section */

/* Begin PBXFileSystemSynchronizedRootGroup section */
		D99203212F45FD48005B0E55 /* Tempus Fugit */ = {
			isa = PBXFileSystemSynchronizedRootGroup;
			path = "Tempus Fugit";
			sourceTree = "<group>";
		};
		D99203482F475D47005B0E55 /* widget */ = {
			isa = PBXFileSystemSynchronizedRootGroup;
			exceptions = (
				D99203572F475D49005B0E55 /* Exceptions for "widget" folder in "widgetExtension" target */,
			);
			path = widget;
			sourceTree = "<group>";
		};
/* End PBXFileSystemSynchronizedRootGroup section */

/* Begin PBXFrameworksBuildPhase section */
		D992031C2F45FD48005B0E55 /* Frameworks */ = {
			isa = PBXFrameworksBuildPhase;
			buildActionMask = 2147483647;
			files = (
			);
			runOnlyForDeploymentPostprocessing = 0;
		};
		D992033F2F475D47005B0E55 /* Frameworks */ = {
			isa = PBXFrameworksBuildPhase;
			buildActionMask = 2147483647;
			files = (
				D99203472F475D47005B0E55 /* SwiftUI.framework in Frameworks */,
				D99203452F475D47005B0E55 /* WidgetKit.framework in Frameworks */,
			);
			runOnlyForDeploymentPostprocessing = 0;
		};
/* End PBXFrameworksBuildPhase section */

/* Begin PBXGroup section */
		D99203162F45FD48005B0E55 = {
			isa = PBXGroup;
			children = (
				D99203212F45FD48005B0E55 /* Tempus Fugit */,
				D99203392F46094E005B0E55 /* Services */,
				D99203322F460874005B0E55 /* Model */,
				D99203362F4608C8005B0E55 /* ViewModel */,
				D99203372F4608E0005B0E55 /* View */,
				D99203222F45FD48005B0E55 /* Tempus_FugitApp.swift */,
				D99203262F45FD4A005B0E55 /* Assets.xcassets */,
				D99203432F475D47005B0E55 /* Frameworks */,
				D99203202F45FD48005B0E55 /* Products */,
			);
			sourceTree = "<group>";
		};
		D99203202F45FD48005B0E55 /* Products */ = {
			isa = PBXGroup;
			children = (
				D992031F2F45FD48005B0E55 /* Tempus Fugit.app */,
				D99203422F475D47005B0E55 /* widgetExtension.appex */,
			);
			name = Products;
			sourceTree = "<group>";
		};
		D99203322F460874005B0E55 /* Model */ = {
			isa = PBXGroup;
			children = (
			);
			path = Model;
			sourceTree = "<group>";
		};
		D99203362F4608C8005B0E55 /* ViewModel */ = {
			isa = PBXGroup;
			children = (
			);
			path = ViewModel;
			sourceTree = "<group>";
		};
		D99203372F4608E0005B0E55 /* View */ = {
			isa = PBXGroup;
			children = (
				D992033B2F46A597005B0E55 /* Widgets */,
				D99203242F45FD48005B0E55 /* ContentView.swift */,
			);
			path = View;
			sourceTree = "<group>";
		};
		D99203382F4608ED005B0E55 /* CoreData */ = {
			isa = PBXGroup;
			children = (
				D992032A2F45FD4A005B0E55 /* Tempus_Fugit.xcdatamodeld */,
				D99203282F45FD4A005B0E55 /* Persistence.swift */,
			);
			path = CoreData;
			sourceTree = "<group>";
		};
		D99203392F46094E005B0E55 /* Services */ = {
			isa = PBXGroup;
			children = (
				D992033A2F46096C005B0E55 /* Network */,
				D99203382F4608ED005B0E55 /* CoreData */,
			);
			path = Services;
			sourceTree = "<group>";
		};
		D992033A2F46096C005B0E55 /* Network */ = {
			isa = PBXGroup;
			children = (
			);
			path = Network;
			sourceTree = "<group>";
		};
		D992033B2F46A597005B0E55 /* Widgets */ = {
			isa = PBXGroup;
			children = (
				D99203482F475D47005B0E55 /* widget */,
				D992033C2F46A5B8005B0E55 /* WidgetsView.swift */,
			);
			path = Widgets;
			sourceTree = "<group>";
		};
		D99203432F475D47005B0E55 /* Frameworks */ = {
			isa = PBXGroup;
			children = (
				D99203442F475D47005B0E55 /* WidgetKit.framework */,
				D99203462F475D47005B0E55 /* SwiftUI.framework */,
			);
			name = Frameworks;
			sourceTree = "<group>";
		};
/* End PBXGroup section */

/* Begin PBXNativeTarget section */
		D992031E2F45FD48005B0E55 /* Tempus Fugit */ = {
			isa = PBXNativeTarget;
			buildConfigurationList = D992032F2F45FD4A005B0E55 /* Build configuration list for PBXNativeTarget "Tempus Fugit" */;
			buildPhases = (
				D992031B2F45FD48005B0E55 /* Sources */,
				D992031C2F45FD48005B0E55 /* Frameworks */,
				D992031D2F45FD48005B0E55 /* Resources */,
				D992035B2F475D4A005B0E55 /* Embed Foundation Extensions */,
			);
			buildRules = (
			);
			dependencies = (
				D99203552F475D49005B0E55 /* PBXTargetDependency */,
			);
			fileSystemSynchronizedGroups = (
				D99203212F45FD48005B0E55 /* Tempus Fugit */,
			);
			name = "Tempus Fugit";
			packageProductDependencies = (
			);
			productName = "Tempus Fugit";
			productReference = D992031F2F45FD48005B0E55 /* Tempus Fugit.app */;
			productType = "com.apple.product-type.application";
		};
		D99203412F475D47005B0E55 /* widgetExtension */ = {
			isa = PBXNativeTarget;
			buildConfigurationList = D99203582F475D4A005B0E55 /* Build configuration list for PBXNativeTarget "widgetExtension" */;
			buildPhases = (
				D992033E2F475D47005B0E55 /* Sources */,
				D992033F2F475D47005B0E55 /* Frameworks */,
				D99203402F475D47005B0E55 /* Resources */,
			);
			buildRules = (
			);
			dependencies = (
			);
			fileSystemSynchronizedGroups = (
				D99203482F475D47005B0E55 /* widget */,
			);
			name = widgetExtension;
			packageProductDependencies = (
			);
			productName = widgetExtension;
			productReference = D99203422F475D47005B0E55 /* widgetExtension.appex */;
			productType = "com.apple.product-type.app-extension";
		};
/* End PBXNativeTarget section */

/* Begin PBXProject section */
		D99203172F45FD48005B0E55 /* Project object */ = {
			isa = PBXProject;
			attributes = {
				BuildIndependentTargetsInParallel = 1;
				LastSwiftUpdateCheck = 2610;
				LastUpgradeCheck = 2610;
				TargetAttributes = {
					D992031E2F45FD48005B0E55 = {
						CreatedOnToolsVersion = 26.1;
					};
					D99203412F475D47005B0E55 = {
						CreatedOnToolsVersion = 26.1;
					};
				};
			};
			buildConfigurationList = D992031A2F45FD48005B0E55 /* Build configuration list for PBXProject "Tempus Fugit" */;
			developmentRegion = en;
			hasScannedForEncodings = 0;
			knownRegions = (
				en,
				Base,
			);
			mainGroup = D99203162F45FD48005B0E55;
			minimizedProjectReferenceProxies = 1;
			preferredProjectObjectVersion = 77;
			productRefGroup = D99203202F45FD48005B0E55 /* Products */;
			projectDirPath = "";
			projectRoot = "";
			targets = (
				D992031E2F45FD48005B0E55 /* Tempus Fugit */,
				D99203412F475D47005B0E55 /* widgetExtension */,
			);
		};
/* End PBXProject section */

/* Begin PBXResourcesBuildPhase section */
		D992031D2F45FD48005B0E55 /* Resources */ = {
			isa = PBXResourcesBuildPhase;
			buildActionMask = 2147483647;
			files = (
				D99203272F45FD4A005B0E55 /* Assets.xcassets in Resources */,
			);
			runOnlyForDeploymentPostprocessing = 0;
		};
		D99203402F475D47005B0E55 /* Resources */ = {
			isa = PBXResourcesBuildPhase;
			buildActionMask = 2147483647;
			files = (
			);
			runOnlyForDeploymentPostprocessing = 0;
		};
/* End PBXResourcesBuildPhase section */

/* Begin PBXSourcesBuildPhase section */
		D992031B2F45FD48005B0E55 /* Sources */ = {
			isa = PBXSourcesBuildPhase;
			buildActionMask = 2147483647;
			files = (
				D99203292F45FD4A005B0E55 /* Persistence.swift in Sources */,
				D992032C2F45FD4A005B0E55 /* Tempus_Fugit.xcdatamodeld in Sources */,
				D992033D2F46A5B8005B0E55 /* WidgetsView.swift in Sources */,
				D99203252F45FD48005B0E55 /* ContentView.swift in Sources */,
				D99203232F45FD48005B0E55 /* Tempus_FugitApp.swift in Sources */,
			);
			runOnlyForDeploymentPostprocessing = 0;
		};
		D992033E2F475D47005B0E55 /* Sources */ = {
			isa = PBXSourcesBuildPhase;
			buildActionMask = 2147483647;
			files = (
			);
			runOnlyForDeploymentPostprocessing = 0;
		};
/* End PBXSourcesBuildPhase section */

/* Begin PBXTargetDependency section */
		D99203552F475D49005B0E55 /* PBXTargetDependency */ = {
			isa = PBXTargetDependency;
			target = D99203412F475D47005B0E55 /* widgetExtension */;
			targetProxy = D99203542F475D49005B0E55 /* PBXContainerItemProxy */;
		};
/* End PBXTargetDependency section */

/* Begin XCBuildConfiguration section */
		D992032D2F45FD4A005B0E55 /* Debug */ = {
			isa = XCBuildConfiguration;
			buildSettings = {
				ALWAYS_SEARCH_USER_PATHS = NO;
				ASSETCATALOG_COMPILER_GENERATE_SWIFT_ASSET_SYMBOL_EXTENSIONS = YES;
				CLANG_ANALYZER_NONNULL = YES;
				CLANG_ANALYZER_NUMBER_OBJECT_CONVERSION = YES_AGGRESSIVE;
				CLANG_CXX_LANGUAGE_STANDARD = "gnu++20";
				CLANG_ENABLE_MODULES = YES;
				CLANG_ENABLE_OBJC_ARC = YES;
				CLANG_ENABLE_OBJC_WEAK = YES;
				CLANG_WARN_BLOCK_CAPTURE_AUTORELEASING = YES;
				CLANG_WARN_BOOL_CONVERSION = YES;
				CLANG_WARN_COMMA = YES;
				CLANG_WARN_CONSTANT_CONVERSION = YES;
				CLANG_WARN_DEPRECATED_OBJC_IMPLEMENTATIONS = YES;
				CLANG_WARN_DIRECT_OBJC_ISA_USAGE = YES_ERROR;
				CLANG_WARN_DOCUMENTATION_COMMENTS = YES;
				CLANG_WARN_EMPTY_BODY = YES;
				CLANG_WARN_ENUM_CONVERSION = YES;
				CLANG_WARN_INFINITE_RECURSION = YES;
				CLANG_WARN_INT_CONVERSION = YES;
				CLANG_WARN_NON_LITERAL_NULL_CONVERSION = YES;
				CLANG_WARN_OBJC_IMPLICIT_RETAIN_SELF = YES;
				CLANG_WARN_OBJC_LITERAL_CONVERSION = YES;
				CLANG_WARN_OBJC_ROOT_CLASS = YES_ERROR;
				CLANG_WARN_QUOTED_INCLUDE_IN_FRAMEWORK_HEADER = YES;
				CLANG_WARN_RANGE_LOOP_ANALYSIS = YES;
				CLANG_WARN_STRICT_PROTOTYPES = YES;
				CLANG_WARN_SUSPICIOUS_MOVE = YES;
				CLANG_WARN_UNGUARDED_AVAILABILITY = YES_AGGRESSIVE;
				CLANG_WARN_UNREACHABLE_CODE = YES;
				CLANG_WARN__DUPLICATE_METHOD_MATCH = YES;
				COPY_PHASE_STRIP = NO;
				DEBUG_INFORMATION_FORMAT = dwarf;
				DEVELOPMENT_TEAM = 99V7CVHD5W;
				ENABLE_STRICT_OBJC_MSGSEND = YES;
				ENABLE_TESTABILITY = YES;
				ENABLE_USER_SCRIPT_SANDBOXING = YES;
				GCC_C_LANGUAGE_STANDARD = gnu17;
				GCC_DYNAMIC_NO_PIC = NO;
				GCC_NO_COMMON_BLOCKS = YES;
				GCC_OPTIMIZATION_LEVEL = 0;
				GCC_PREPROCESSOR_DEFINITIONS = (
					"DEBUG=1",
					"$(inherited)",
				);
				GCC_WARN_64_TO_32_BIT_CONVERSION = YES;
				GCC_WARN_ABOUT_RETURN_TYPE = YES_ERROR;
				GCC_WARN_UNDECLARED_SELECTOR = YES;
				GCC_WARN_UNINITIALIZED_AUTOS = YES_AGGRESSIVE;
				GCC_WARN_UNUSED_FUNCTION = YES;
				GCC_WARN_UNUSED_VARIABLE = YES;
				IPHONEOS_DEPLOYMENT_TARGET = 26.1;
				LOCALIZATION_PREFERS_STRING_CATALOGS = YES;
				MTL_ENABLE_DEBUG_INFO = INCLUDE_SOURCE;
				MTL_FAST_MATH = YES;
				ONLY_ACTIVE_ARCH = YES;
				SDKROOT = iphoneos;
				SWIFT_ACTIVE_COMPILATION_CONDITIONS = "DEBUG $(inherited)";
				SWIFT_OPTIMIZATION_LEVEL = "-Onone";
			};
			name = Debug;
		};
		D992032E2F45FD4A005B0E55 /* Release */ = {
			isa = XCBuildConfiguration;
			buildSettings = {
				ALWAYS_SEARCH_USER_PATHS = NO;
				ASSETCATALOG_COMPILER_GENERATE_SWIFT_ASSET_SYMBOL_EXTENSIONS = YES;
				CLANG_ANALYZER_NONNULL = YES;
				CLANG_ANALYZER_NUMBER_OBJECT_CONVERSION = YES_AGGRESSIVE;
				CLANG_CXX_LANGUAGE_STANDARD = "gnu++20";
				CLANG_ENABLE_MODULES = YES;
				CLANG_ENABLE_OBJC_ARC = YES;
				CLANG_ENABLE_OBJC_WEAK = YES;
				CLANG_WARN_BLOCK_CAPTURE_AUTORELEASING = YES;
				CLANG_WARN_BOOL_CONVERSION = YES;
				CLANG_WARN_COMMA = YES;
				CLANG_WARN_CONSTANT_CONVERSION = YES;
				CLANG_WARN_DEPRECATED_OBJC_IMPLEMENTATIONS = YES;
				CLANG_WARN_DIRECT_OBJC_ISA_USAGE = YES_ERROR;
				CLANG_WARN_DOCUMENTATION_COMMENTS = YES;
				CLANG_WARN_EMPTY_BODY = YES;
				CLANG_WARN_ENUM_CONVERSION = YES;
				CLANG_WARN_INFINITE_RECURSION = YES;
				CLANG_WARN_INT_CONVERSION = YES;
				CLANG_WARN_NON_LITERAL_NULL_CONVERSION = YES;
				CLANG_WARN_OBJC_IMPLICIT_RETAIN_SELF = YES;
				CLANG_WARN_OBJC_LITERAL_CONVERSION = YES;
				CLANG_WARN_OBJC_ROOT_CLASS = YES_ERROR;
				CLANG_WARN_QUOTED_INCLUDE_IN_FRAMEWORK_HEADER = YES;
				CLANG_WARN_RANGE_LOOP_ANALYSIS = YES;
				CLANG_WARN_STRICT_PROTOTYPES = YES;
				CLANG_WARN_SUSPICIOUS_MOVE = YES;
				CLANG_WARN_UNGUARDED_AVAILABILITY = YES_AGGRESSIVE;
				CLANG_WARN_UNREACHABLE_CODE = YES;
				CLANG_WARN__DUPLICATE_METHOD_MATCH = YES;
				COPY_PHASE_STRIP = NO;
				DEBUG_INFORMATION_FORMAT = "dwarf-with-dsym";
				DEVELOPMENT_TEAM = 99V7CVHD5W;
				ENABLE_NS_ASSERTIONS = NO;
				ENABLE_STRICT_OBJC_MSGSEND = YES;
				ENABLE_USER_SCRIPT_SANDBOXING = YES;
				GCC_C_LANGUAGE_STANDARD = gnu17;
				GCC_NO_COMMON_BLOCKS = YES;
				GCC_WARN_64_TO_32_BIT_CONVERSION = YES;
				GCC_WARN_ABOUT_RETURN_TYPE = YES_ERROR;
				GCC_WARN_UNDECLARED_SELECTOR = YES;
				GCC_WARN_UNINITIALIZED_AUTOS = YES_AGGRESSIVE;
				GCC_WARN_UNUSED_FUNCTION = YES;
				GCC_WARN_UNUSED_VARIABLE = YES;
				IPHONEOS_DEPLOYMENT_TARGET = 26.1;
				LOCALIZATION_PREFERS_STRING_CATALOGS = YES;
				MTL_ENABLE_DEBUG_INFO = NO;
				MTL_FAST_MATH = YES;
				SDKROOT = iphoneos;
				SWIFT_COMPILATION_MODE = wholemodule;
				VALIDATE_PRODUCT = YES;
			};
			name = Release;
		};
		D99203302F45FD4A005B0E55 /* Debug */ = {
			isa = XCBuildConfiguration;
			buildSettings = {
				ASSETCATALOG_COMPILER_APPICON_NAME = AppIcon;
				ASSETCATALOG_COMPILER_GLOBAL_ACCENT_COLOR_NAME = AccentColor;
				CODE_SIGN_STYLE = Automatic;
				CURRENT_PROJECT_VERSION = 1;
				DEVELOPMENT_TEAM = 99V7CVHD5W;
				ENABLE_PREVIEWS = YES;
				GENERATE_INFOPLIST_FILE = YES;
				INFOPLIST_KEY_UIApplicationSceneManifest_Generation = YES;
				INFOPLIST_KEY_UIApplicationSupportsIndirectInputEvents = YES;
				INFOPLIST_KEY_UILaunchScreen_Generation = YES;
				INFOPLIST_KEY_UISupportedInterfaceOrientations_iPad = "UIInterfaceOrientationPortrait UIInterfaceOrientationPortraitUpsideDown UIInterfaceOrientationLandscapeLeft UIInterfaceOrientationLandscapeRight";
				INFOPLIST_KEY_UISupportedInterfaceOrientations_iPhone = "UIInterfaceOrientationPortrait UIInterfaceOrientationLandscapeLeft UIInterfaceOrientationLandscapeRight";
				IPHONEOS_DEPLOYMENT_TARGET = 18.6;
				LD_RUNPATH_SEARCH_PATHS = (
					"$(inherited)",
					"@executable_path/Frameworks",
				);
				MARKETING_VERSION = 1.0;
				PRODUCT_BUNDLE_IDENTIFIER = "m.Tempus-Fugit";
				PRODUCT_NAME = "$(TARGET_NAME)";
				STRING_CATALOG_GENERATE_SYMBOLS = YES;
				SWIFT_APPROACHABLE_CONCURRENCY = YES;
				SWIFT_DEFAULT_ACTOR_ISOLATION = MainActor;
				SWIFT_EMIT_LOC_STRINGS = YES;
				SWIFT_UPCOMING_FEATURE_MEMBER_IMPORT_VISIBILITY = YES;
				SWIFT_VERSION = 5.0;
				TARGETED_DEVICE_FAMILY = "1,2";
			};
			name = Debug;
		};
		D99203312F45FD4A005B0E55 /* Release */ = {
			isa = XCBuildConfiguration;
			buildSettings = {
				ASSETCATALOG_COMPILER_APPICON_NAME = AppIcon;
				ASSETCATALOG_COMPILER_GLOBAL_ACCENT_COLOR_NAME = AccentColor;
				CODE_SIGN_STYLE = Automatic;
				CURRENT_PROJECT_VERSION = 1;
				DEVELOPMENT_TEAM = 99V7CVHD5W;
				ENABLE_PREVIEWS = YES;
				GENERATE_INFOPLIST_FILE = YES;
				INFOPLIST_KEY_UIApplicationSceneManifest_Generation = YES;
				INFOPLIST_KEY_UIApplicationSupportsIndirectInputEvents = YES;
				INFOPLIST_KEY_UILaunchScreen_Generation = YES;
				INFOPLIST_KEY_UISupportedInterfaceOrientations_iPad = "UIInterfaceOrientationPortrait UIInterfaceOrientationPortraitUpsideDown UIInterfaceOrientationLandscapeLeft UIInterfaceOrientationLandscapeRight";
				INFOPLIST_KEY_UISupportedInterfaceOrientations_iPhone = "UIInterfaceOrientationPortrait UIInterfaceOrientationLandscapeLeft UIInterfaceOrientationLandscapeRight";
				IPHONEOS_DEPLOYMENT_TARGET = 18.6;
				LD_RUNPATH_SEARCH_PATHS = (
					"$(inherited)",
					"@executable_path/Frameworks",
				);
				MARKETING_VERSION = 1.0;
				PRODUCT_BUNDLE_IDENTIFIER = "m.Tempus-Fugit";
				PRODUCT_NAME = "$(TARGET_NAME)";
				STRING_CATALOG_GENERATE_SYMBOLS = YES;
				SWIFT_APPROACHABLE_CONCURRENCY = YES;
				SWIFT_DEFAULT_ACTOR_ISOLATION = MainActor;
				SWIFT_EMIT_LOC_STRINGS = YES;
				SWIFT_UPCOMING_FEATURE_MEMBER_IMPORT_VISIBILITY = YES;
				SWIFT_VERSION = 5.0;
				TARGETED_DEVICE_FAMILY = "1,2";
			};
			name = Release;
		};
		D99203592F475D4A005B0E55 /* Debug */ = {
			isa = XCBuildConfiguration;
			buildSettings = {
				ASSETCATALOG_COMPILER_GLOBAL_ACCENT_COLOR_NAME = AccentColor;
				ASSETCATALOG_COMPILER_WIDGET_BACKGROUND_COLOR_NAME = WidgetBackground;
				CODE_SIGN_STYLE = Automatic;
				CURRENT_PROJECT_VERSION = 1;
				DEVELOPMENT_TEAM = 99V7CVHD5W;
				GENERATE_INFOPLIST_FILE = YES;
				INFOPLIST_FILE = widget/Info.plist;
				INFOPLIST_KEY_CFBundleDisplayName = widget;
				INFOPLIST_KEY_NSHumanReadableCopyright = "";
				LD_RUNPATH_SEARCH_PATHS = (
					"$(inherited)",
					"@executable_path/Frameworks",
					"@executable_path/../../Frameworks",
				);
				MARKETING_VERSION = 1.0;
				PRODUCT_BUNDLE_IDENTIFIER = "m.Tempus-Fugit.widget";
				PRODUCT_NAME = "$(TARGET_NAME)";
				SKIP_INSTALL = YES;
				STRING_CATALOG_GENERATE_SYMBOLS = YES;
				SWIFT_APPROACHABLE_CONCURRENCY = YES;
				SWIFT_EMIT_LOC_STRINGS = YES;
				SWIFT_UPCOMING_FEATURE_MEMBER_IMPORT_VISIBILITY = YES;
				SWIFT_VERSION = 5.0;
				TARGETED_DEVICE_FAMILY = "1,2";
			};
			name = Debug;
		};
		D992035A2F475D4A005B0E55 /* Release */ = {
			isa = XCBuildConfiguration;
			buildSettings = {
				ASSETCATALOG_COMPILER_GLOBAL_ACCENT_COLOR_NAME = AccentColor;
				ASSETCATALOG_COMPILER_WIDGET_BACKGROUND_COLOR_NAME = WidgetBackground;
				CODE_SIGN_STYLE = Automatic;
				CURRENT_PROJECT_VERSION = 1;
				DEVELOPMENT_TEAM = 99V7CVHD5W;
				GENERATE_INFOPLIST_FILE = YES;
				INFOPLIST_FILE = widget/Info.plist;
				INFOPLIST_KEY_CFBundleDisplayName = widget;
				INFOPLIST_KEY_NSHumanReadableCopyright = "";
				LD_RUNPATH_SEARCH_PATHS = (
					"$(inherited)",
					"@executable_path/Frameworks",
					"@executable_path/../../Frameworks",
				);
				MARKETING_VERSION = 1.0;
				PRODUCT_BUNDLE_IDENTIFIER = "m.Tempus-Fugit.widget";
				PRODUCT_NAME = "$(TARGET_NAME)";
				SKIP_INSTALL = YES;
				STRING_CATALOG_GENERATE_SYMBOLS = YES;
				SWIFT_APPROACHABLE_CONCURRENCY = YES;
				SWIFT_EMIT_LOC_STRINGS = YES;
				SWIFT_UPCOMING_FEATURE_MEMBER_IMPORT_VISIBILITY = YES;
				SWIFT_VERSION = 5.0;
				TARGETED_DEVICE_FAMILY = "1,2";
			};
			name = Release;
		};
/* End XCBuildConfiguration section */

/* Begin XCConfigurationList section */
		D992031A2F45FD48005B0E55 /* Build configuration list for PBXProject "Tempus Fugit" */ = {
			isa = XCConfigurationList;
			buildConfigurations = (
				D992032D2F45FD4A005B0E55 /* Debug */,
				D992032E2F45FD4A005B0E55 /* Release */,
			);
			defaultConfigurationIsVisible = 0;
			defaultConfigurationName = Release;
		};
		D992032F2F45FD4A005B0E55 /* Build configuration list for PBXNativeTarget "Tempus Fugit" */ = {
			isa = XCConfigurationList;
			buildConfigurations = (
				D99203302F45FD4A005B0E55 /* Debug */,
				D99203312F45FD4A005B0E55 /* Release */,
			);
			defaultConfigurationIsVisible = 0;
			defaultConfigurationName = Release;
		};
		D99203582F475D4A005B0E55 /* Build configuration list for PBXNativeTarget "widgetExtension" */ = {
			isa = XCConfigurationList;
			buildConfigurations = (
				D99203592F475D4A005B0E55 /* Debug */,
				D992035A2F475D4A005B0E55 /* Release */,
			);
			defaultConfigurationIsVisible = 0;
			defaultConfigurationName = Release;
		};
/* End XCConfigurationList section */

/* Begin XCVersionGroup section */
		D992032A2F45FD4A005B0E55 /* Tempus_Fugit.xcdatamodeld */ = {
			isa = XCVersionGroup;
			children = (
				D992032B2F45FD4A005B0E55 /* Tempus_Fugit.xcdatamodel */,
			);
			currentVersion = D992032B2F45FD4A005B0E55 /* Tempus_Fugit.xcdatamodel */;
			path = Tempus_Fugit.xcdatamodeld;
			sourceTree = "<group>";
			versionGroupType = wrapper.xcdatamodel;
		};
/* End XCVersionGroup section */
	};
	rootObject = D99203172F45FD48005B0E55 /* Project object */;
}
